
Microsoft Visual Studio Solution File, Format Version 12.00
# Visual Studio Version 16
VisualStudioVersion = 16.0.30804.86
MinimumVisualStudioVersion = 10.0.40219.1
Project("{FAE04EC0-301F-11D3-BF4B-00C04F79EFBC}") = "DummyApp", "DummyApp\DummyApp.csproj", "{B6E42286-32F9-4FC4-8ECE-5E7958ACC01C}"
EndProject
Global
	GlobalSection(SolutionConfigurationPlatforms) = preSolution
		Debug|Any CPU = Debug|Any CPU
		Release|Any CPU = Release|Any CPU
	EndGlobalSection
	GlobalSection(ProjectConfigurationPlatforms) = postSolution
		{B6E42286-32F9-4FC4-8ECE-5E7958ACC01C}.Debug|Any CPU.ActiveCfg = Debug|Any CPU
		{B6E42286-32F9-4FC4-8ECE-5E7958ACC01C}.Debug|Any CPU.Build.0 = Debug|Any CPU
		{B6E42286-32F9-4FC4-8ECE-5E7958ACC01C}.Release|Any CPU.ActiveCfg = Release|Any CPU
		{B6E42286-32F9-4FC4-8ECE-5E7958ACC01C}.Release|Any CPU.Build.0 = Release|Any CPU
	EndGlobalSection
	GlobalSection(SolutionProperties) = preSolution
		HideSolutionNode = FALSE
	EndGlobalSection
	GlobalSection(ExtensibilityGlobals) = postSolution
		SolutionGuid = {0A5DCBAA-6316-47D1-A050-42BACE00BE56}
	EndGlobalSection
EndGlobal
